
Microsoft Visual Studio Solution File, Format Version 11.00
# Visual Studio 2010
Project("{FAE04EC0-301F-11D3-BF4B-00C04F79EFBC}") = "GuiUnit_NET_4_5", "GuiUnit_NET_4_5.csproj", "{D12F0F7B-8DE3-43EC-BA49-41052D065A9B}"
EndProject
Project("{FAE04EC0-301F-11D3-BF4B-00C04F79EFBC}") = "GuiUnit_NET_4_0", "GuiUnit_NET_4_0.csproj", "{E13A0A7B-4DE6-43ED-A139-41052D065A9B}"
EndProject
Global
	GlobalSection(SolutionConfigurationPlatforms) = preSolution
		Debug|Any CPU = Debug|Any CPU
		Release|Any CPU = Release|Any CPU
	EndGlobalSection
	GlobalSection(ProjectConfigurationPlatforms) = postSolution
		{D12F0F7B-8DE3-43EC-BA49-41052D065A9B}.Debug|Any CPU.ActiveCfg = Debug|Any CPU
		{D12F0F7B-8DE3-43EC-BA49-41052D065A9B}.Debug|Any CPU.Build.0 = Debug|Any CPU
		{D12F0F7B-8DE3-43EC-BA49-41052D065A9B}.Release|Any CPU.ActiveCfg = Release|Any CPU
		{D12F0F7B-8DE3-43EC-BA49-41052D065A9B}.Release|Any CPU.Build.0 = Release|Any CPU
		{E13A0A7B-4DE6-43ED-A139-41052D065A9B}.Debug|Any CPU.ActiveCfg = Debug|Any CPU
		{E13A0A7B-4DE6-43ED-A139-41052D065A9B}.Debug|Any CPU.Build.0 = Debug|Any CPU
		{E13A0A7B-4DE6-43ED-A139-41052D065A9B}.Release|Any CPU.ActiveCfg = Release|Any CPU
		{E13A0A7B-4DE6-43ED-A139-41052D065A9B}.Release|Any CPU.Build.0 = Release|Any CPU
	EndGlobalSection
	GlobalSection(MonoDevelopProperties) = preSolution
		StartupItem = GuiUnit_NET_4_5.csproj
	EndGlobalSection
EndGlobal
